
Microsoft Visual Studio Solution File, Format Version 12.00
# Visual Studio 15
VisualStudioVersion = 15.0.28307.271
MinimumVisualStudioVersion = 10.0.40219.1
Project("{FAE04EC0-301F-11D3-BF4B-00C04F79EFBC}") = "DemoWeb", "DemoWeb\DemoWeb.csproj", "{DFD9F78C-6230-4D27-919C-D522E07FD121}"
EndProject
Project("{9A19103F-16F7-4668-BE54-9A1E7A4F7556}") = "Ezfx.Annotations.EmailOrPhoneAttribute", "Ezfx.Annotations.EmailOrPhoneAttribute\Ezfx.Annotations.EmailOrPhoneAttribute.csproj", "{82C3A962-691C-4096-B532-3CCFDB71E982}"
EndProject
Project("{FAE04EC0-301F-11D3-BF4B-00C04F79EFBC}") = "Ezfx.DataAnnotations.EmailOrPhoneAttribute", "EmailAdressOrPhoneAttribute_framwork_version\Ezfx.DataAnnotations.EmailOrPhoneAttribute.csproj", "{DFDAB241-886E-4544-BE7B-4FB717611FD2}"
EndProject
Global
	GlobalSection(SolutionConfigurationPlatforms) = preSolution
		Debug|Any CPU = Debug|Any CPU
		Release|Any CPU = Release|Any CPU
	EndGlobalSection
	GlobalSection(ProjectConfigurationPlatforms) = postSolution
		{DFD9F78C-6230-4D27-919C-D522E07FD121}.Debug|Any CPU.ActiveCfg = Debug|Any CPU
		{DFD9F78C-6230-4D27-919C-D522E07FD121}.Debug|Any CPU.Build.0 = Debug|Any CPU
		{DFD9F78C-6230-4D27-919C-D522E07FD121}.Release|Any CPU.ActiveCfg = Release|Any CPU
		{DFD9F78C-6230-4D27-919C-D522E07FD121}.Release|Any CPU.Build.0 = Release|Any CPU
		{82C3A962-691C-4096-B532-3CCFDB71E982}.Debug|Any CPU.ActiveCfg = Debug|Any CPU
		{82C3A962-691C-4096-B532-3CCFDB71E982}.Debug|Any CPU.Build.0 = Debug|Any CPU
		{82C3A962-691C-4096-B532-3CCFDB71E982}.Release|Any CPU.ActiveCfg = Release|Any CPU
		{82C3A962-691C-4096-B532-3CCFDB71E982}.Release|Any CPU.Build.0 = Release|Any CPU
		{DFDAB241-886E-4544-BE7B-4FB717611FD2}.Debug|Any CPU.ActiveCfg = Debug|Any CPU
		{DFDAB241-886E-4544-BE7B-4FB717611FD2}.Debug|Any CPU.Build.0 = Debug|Any CPU
		{DFDAB241-886E-4544-BE7B-4FB717611FD2}.Release|Any CPU.ActiveCfg = Release|Any CPU
		{DFDAB241-886E-4544-BE7B-4FB717611FD2}.Release|Any CPU.Build.0 = Release|Any CPU
	EndGlobalSection
	GlobalSection(SolutionProperties) = preSolution
		HideSolutionNode = FALSE
	EndGlobalSection
	GlobalSection(ExtensibilityGlobals) = postSolution
		SolutionGuid = {D4B09904-19A4-4C46-9DCB-545453BA794C}
	EndGlobalSection
EndGlobal
